
Microsoft Visual Studio Solution File, Format Version 12.00
Project("{2150E333-8FDC-42A3-9474-1A3956D46DE8}") = "src", "src", "{74B52806-0D51-438B-9059-6FD7D5689F61}"
EndProject
Project("{FAE04EC0-301F-11D3-BF4B-00C04F79EFBC}") = "SteamClone.BLL", "src\SteamClone.BLL\SteamClone.BLL.csproj", "{13843199-3345-49F2-B0BD-012AF04D1213}"
EndProject
Project("{FAE04EC0-301F-11D3-BF4B-00C04F79EFBC}") = "SteamClone.DAL", "src\SteamClone.DAL\SteamClone.DAL.csproj", "{9305A36B-D932-4491-88BF-3AB00213597A}"
EndProject
Project("{FAE04EC0-301F-11D3-BF4B-00C04F79EFBC}") = "SteamClone.API", "src\SteamClone.API\SteamClone.API.csproj", "{4B5E1E8B-B916-475F-9D1D-672779EA0570}"
EndProject
Project("{FAE04EC0-301F-11D3-BF4B-00C04F79EFBC}") = "SteamClone.Domain", "src\SteamClone.Domain\SteamClone.Domain.csproj", "{48529D4C-2624-43DB-A3DF-006EDA68ED02}"
EndProject
Project("{2150E333-8FDC-42A3-9474-1A3956D46DE8}") = "tests", "tests", "{203885CB-24C0-45A7-9D14-5B6A05CFBB05}"
EndProject
Project("{FAE04EC0-301F-11D3-BF4B-00C04F79EFBC}") = "Api.Tests.Integration", "tests\Api.Tests.Integration\Api.Tests.Integration.csproj", "{E3E61DA7-521A-49CB-9577-B8B17C0111C3}"
EndProject
Project("{FAE04EC0-301F-11D3-BF4B-00C04F79EFBC}") = "Tests.Common", "tests\Tests.Common\Tests.Common.csproj", "{EAA3F20B-0D87-4549-B261-29DA76FEEFAB}"
EndProject
Project("{FAE04EC0-301F-11D3-BF4B-00C04F79EFBC}") = "Tests.Data", "tests\Tests.Data\Tests.Data.csproj", "{0DEAB834-AC75-4E2E-AAD9-9B0F6C2CA7E9}"
EndProject
Global
	GlobalSection(SolutionConfigurationPlatforms) = preSolution
		Debug|Any CPU = Debug|Any CPU
		Release|Any CPU = Release|Any CPU
	EndGlobalSection
	GlobalSection(NestedProjects) = preSolution
		{13843199-3345-49F2-B0BD-012AF04D1213} = {74B52806-0D51-438B-9059-6FD7D5689F61}
		{9305A36B-D932-4491-88BF-3AB00213597A} = {74B52806-0D51-438B-9059-6FD7D5689F61}
		{4B5E1E8B-B916-475F-9D1D-672779EA0570} = {74B52806-0D51-438B-9059-6FD7D5689F61}
		{48529D4C-2624-43DB-A3DF-006EDA68ED02} = {74B52806-0D51-438B-9059-6FD7D5689F61}
		{E3E61DA7-521A-49CB-9577-B8B17C0111C3} = {203885CB-24C0-45A7-9D14-5B6A05CFBB05}
		{EAA3F20B-0D87-4549-B261-29DA76FEEFAB} = {203885CB-24C0-45A7-9D14-5B6A05CFBB05}
		{0DEAB834-AC75-4E2E-AAD9-9B0F6C2CA7E9} = {203885CB-24C0-45A7-9D14-5B6A05CFBB05}
	EndGlobalSection
	GlobalSection(ProjectConfigurationPlatforms) = postSolution
		{13843199-3345-49F2-B0BD-012AF04D1213}.Debug|Any CPU.ActiveCfg = Debug|Any CPU
		{13843199-3345-49F2-B0BD-012AF04D1213}.Debug|Any CPU.Build.0 = Debug|Any CPU
		{13843199-3345-49F2-B0BD-012AF04D1213}.Release|Any CPU.ActiveCfg = Release|Any CPU
		{13843199-3345-49F2-B0BD-012AF04D1213}.Release|Any CPU.Build.0 = Release|Any CPU
		{9305A36B-D932-4491-88BF-3AB00213597A}.Debug|Any CPU.ActiveCfg = Debug|Any CPU
		{9305A36B-D932-4491-88BF-3AB00213597A}.Debug|Any CPU.Build.0 = Debug|Any CPU
		{9305A36B-D932-4491-88BF-3AB00213597A}.Release|Any CPU.ActiveCfg = Release|Any CPU
		{9305A36B-D932-4491-88BF-3AB00213597A}.Release|Any CPU.Build.0 = Release|Any CPU
		{4B5E1E8B-B916-475F-9D1D-672779EA0570}.Debug|Any CPU.ActiveCfg = Debug|Any CPU
		{4B5E1E8B-B916-475F-9D1D-672779EA0570}.Debug|Any CPU.Build.0 = Debug|Any CPU
		{4B5E1E8B-B916-475F-9D1D-672779EA0570}.Release|Any CPU.ActiveCfg = Release|Any CPU
		{4B5E1E8B-B916-475F-9D1D-672779EA0570}.Release|Any CPU.Build.0 = Release|Any CPU
		{48529D4C-2624-43DB-A3DF-006EDA68ED02}.Debug|Any CPU.ActiveCfg = Debug|Any CPU
		{48529D4C-2624-43DB-A3DF-006EDA68ED02}.Debug|Any CPU.Build.0 = Debug|Any CPU
		{48529D4C-2624-43DB-A3DF-006EDA68ED02}.Release|Any CPU.ActiveCfg = Release|Any CPU
		{48529D4C-2624-43DB-A3DF-006EDA68ED02}.Release|Any CPU.Build.0 = Release|Any CPU
		{E3E61DA7-521A-49CB-9577-B8B17C0111C3}.Debug|Any CPU.ActiveCfg = Debug|Any CPU
		{E3E61DA7-521A-49CB-9577-B8B17C0111C3}.Debug|Any CPU.Build.0 = Debug|Any CPU
		{E3E61DA7-521A-49CB-9577-B8B17C0111C3}.Release|Any CPU.ActiveCfg = Release|Any CPU
		{E3E61DA7-521A-49CB-9577-B8B17C0111C3}.Release|Any CPU.Build.0 = Release|Any CPU
		{EAA3F20B-0D87-4549-B261-29DA76FEEFAB}.Debug|Any CPU.ActiveCfg = Debug|Any CPU
		{EAA3F20B-0D87-4549-B261-29DA76FEEFAB}.Debug|Any CPU.Build.0 = Debug|Any CPU
		{EAA3F20B-0D87-4549-B261-29DA76FEEFAB}.Release|Any CPU.ActiveCfg = Release|Any CPU
		{EAA3F20B-0D87-4549-B261-29DA76FEEFAB}.Release|Any CPU.Build.0 = Release|Any CPU
		{0DEAB834-AC75-4E2E-AAD9-9B0F6C2CA7E9}.Debug|Any CPU.ActiveCfg = Debug|Any CPU
		{0DEAB834-AC75-4E2E-AAD9-9B0F6C2CA7E9}.Debug|Any CPU.Build.0 = Debug|Any CPU
		{0DEAB834-AC75-4E2E-AAD9-9B0F6C2CA7E9}.Release|Any CPU.ActiveCfg = Release|Any CPU
		{0DEAB834-AC75-4E2E-AAD9-9B0F6C2CA7E9}.Release|Any CPU.Build.0 = Release|Any CPU
	EndGlobalSection
EndGlobal
