
Microsoft Visual Studio Solution File, Format Version 12.00
Project("{2150E333-8FDC-42A3-9474-1A3956D46DE8}") = "src", "src", "{74B52806-0D51-438B-9059-6FD7D5689F61}"
EndProject
Project("{2150E333-8FDC-42A3-9474-1A3956D46DE8}") = "tests", "tests", "{E09B2C33-E02A-4304-BEE8-ED387B59DAAF}"
EndProject
Project("{FAE04EC0-301F-11D3-BF4B-00C04F79EFBC}") = "SteamClone.BLL", "src\SteamClone.BLL\SteamClone.BLL.csproj", "{13843199-3345-49F2-B0BD-012AF04D1213}"
EndProject
Project("{FAE04EC0-301F-11D3-BF4B-00C04F79EFBC}") = "SteamClone.DAL", "src\SteamClone.DAL\SteamClone.DAL.csproj", "{9305A36B-D932-4491-88BF-3AB00213597A}"
EndProject
Project("{FAE04EC0-301F-11D3-BF4B-00C04F79EFBC}") = "SteamClone.API", "src\SteamClone.API\SteamClone.API.csproj", "{4B5E1E8B-B916-475F-9D1D-672779EA0570}"
EndProject
Global
	GlobalSection(SolutionConfigurationPlatforms) = preSolution
		Debug|Any CPU = Debug|Any CPU
		Release|Any CPU = Release|Any CPU
	EndGlobalSection
	GlobalSection(NestedProjects) = preSolution
		{13843199-3345-49F2-B0BD-012AF04D1213} = {74B52806-0D51-438B-9059-6FD7D5689F61}
		{9305A36B-D932-4491-88BF-3AB00213597A} = {74B52806-0D51-438B-9059-6FD7D5689F61}
		{4B5E1E8B-B916-475F-9D1D-672779EA0570} = {74B52806-0D51-438B-9059-6FD7D5689F61}
	EndGlobalSection
	GlobalSection(ProjectConfigurationPlatforms) = postSolution
		{13843199-3345-49F2-B0BD-012AF04D1213}.Debug|Any CPU.ActiveCfg = Debug|Any CPU
		{13843199-3345-49F2-B0BD-012AF04D1213}.Debug|Any CPU.Build.0 = Debug|Any CPU
		{13843199-3345-49F2-B0BD-012AF04D1213}.Release|Any CPU.ActiveCfg = Release|Any CPU
		{13843199-3345-49F2-B0BD-012AF04D1213}.Release|Any CPU.Build.0 = Release|Any CPU
		{9305A36B-D932-4491-88BF-3AB00213597A}.Debug|Any CPU.ActiveCfg = Debug|Any CPU
		{9305A36B-D932-4491-88BF-3AB00213597A}.Debug|Any CPU.Build.0 = Debug|Any CPU
		{9305A36B-D932-4491-88BF-3AB00213597A}.Release|Any CPU.ActiveCfg = Release|Any CPU
		{9305A36B-D932-4491-88BF-3AB00213597A}.Release|Any CPU.Build.0 = Release|Any CPU
		{4B5E1E8B-B916-475F-9D1D-672779EA0570}.Debug|Any CPU.ActiveCfg = Debug|Any CPU
		{4B5E1E8B-B916-475F-9D1D-672779EA0570}.Debug|Any CPU.Build.0 = Debug|Any CPU
		{4B5E1E8B-B916-475F-9D1D-672779EA0570}.Release|Any CPU.ActiveCfg = Release|Any CPU
		{4B5E1E8B-B916-475F-9D1D-672779EA0570}.Release|Any CPU.Build.0 = Release|Any CPU
	EndGlobalSection
EndGlobal
